
Microsoft Visual Studio Solution File, Format Version 12.00
# Visual Studio 2012
Project("{FAE04EC0-301F-11D3-BF4B-00C04F79EFBC}") = "DemoNanoVG", "DemoNanoVG.csproj", "{65B17BE8-8094-4847-B971-BB0888565670}"
EndProject
Project("{FAE04EC0-301F-11D3-BF4B-00C04F79EFBC}") = "FontStashDotNet", "..\FontStash.net\FontStashDotNet.csproj", "{E993C0A5-926B-4A10-B40E-2D5AECD1411D}"
EndProject
Project("{FAE04EC0-301F-11D3-BF4B-00C04F79EFBC}") = "NanoVGDotNet", "..\NanoVG.net\NanoVGDotNet.csproj", "{9F9EC075-682C-4D38-B27F-9DD3384C5999}"
EndProject
Global
	GlobalSection(SolutionConfigurationPlatforms) = preSolution
		Debug|x86 = Debug|x86
		Release|x86 = Release|x86
	EndGlobalSection
	GlobalSection(ProjectConfigurationPlatforms) = postSolution
		{65B17BE8-8094-4847-B971-BB0888565670}.Debug|x86.ActiveCfg = Debug|x86
		{65B17BE8-8094-4847-B971-BB0888565670}.Debug|x86.Build.0 = Debug|x86
		{65B17BE8-8094-4847-B971-BB0888565670}.Release|x86.ActiveCfg = Release|x86
		{65B17BE8-8094-4847-B971-BB0888565670}.Release|x86.Build.0 = Release|x86
		{9F9EC075-682C-4D38-B27F-9DD3384C5999}.Debug|x86.ActiveCfg = Debug|Any CPU
		{9F9EC075-682C-4D38-B27F-9DD3384C5999}.Debug|x86.Build.0 = Debug|Any CPU
		{9F9EC075-682C-4D38-B27F-9DD3384C5999}.Release|x86.ActiveCfg = Release|Any CPU
		{9F9EC075-682C-4D38-B27F-9DD3384C5999}.Release|x86.Build.0 = Release|Any CPU
		{E993C0A5-926B-4A10-B40E-2D5AECD1411D}.Debug|x86.ActiveCfg = Debug|Any CPU
		{E993C0A5-926B-4A10-B40E-2D5AECD1411D}.Debug|x86.Build.0 = Debug|Any CPU
		{E993C0A5-926B-4A10-B40E-2D5AECD1411D}.Release|x86.ActiveCfg = Release|Any CPU
		{E993C0A5-926B-4A10-B40E-2D5AECD1411D}.Release|x86.Build.0 = Release|Any CPU
	EndGlobalSection
EndGlobal
